
Microsoft Visual Studio Solution File, Format Version 12.00
# Visual Studio Version 17
VisualStudioVersion = 17.0.31903.59
MinimumVisualStudioVersion = 10.0.40219.1
Project("{FAE04EC0-301F-11D3-BF4B-00C04F79EFBC}") = "Web", "Web\Web.csproj", "{F260CE57-D2E9-46C3-8D87-EC00EA39CABB}"
EndProject
Project("{FAE04EC0-301F-11D3-BF4B-00C04F79EFBC}") = "Domain", "Domain\Domain.csproj", "{A0203701-E430-49B9-93BE-C5BDC89EB9D3}"
EndProject
Project("{FAE04EC0-301F-11D3-BF4B-00C04F79EFBC}") = "Infrastructure", "Infrastructure\Infrastructure.csproj", "{9CB25DE4-921B-4249-8B44-D244D9C83138}"
EndProject
Global
	GlobalSection(SolutionConfigurationPlatforms) = preSolution
		Debug|Any CPU = Debug|Any CPU
		Release|Any CPU = Release|Any CPU
	EndGlobalSection
	GlobalSection(SolutionProperties) = preSolution
		HideSolutionNode = FALSE
	EndGlobalSection
	GlobalSection(ProjectConfigurationPlatforms) = postSolution
		{F260CE57-D2E9-46C3-8D87-EC00EA39CABB}.Debug|Any CPU.ActiveCfg = Debug|Any CPU
		{F260CE57-D2E9-46C3-8D87-EC00EA39CABB}.Debug|Any CPU.Build.0 = Debug|Any CPU
		{F260CE57-D2E9-46C3-8D87-EC00EA39CABB}.Release|Any CPU.ActiveCfg = Release|Any CPU
		{F260CE57-D2E9-46C3-8D87-EC00EA39CABB}.Release|Any CPU.Build.0 = Release|Any CPU
		{A0203701-E430-49B9-93BE-C5BDC89EB9D3}.Debug|Any CPU.ActiveCfg = Debug|Any CPU
		{A0203701-E430-49B9-93BE-C5BDC89EB9D3}.Debug|Any CPU.Build.0 = Debug|Any CPU
		{A0203701-E430-49B9-93BE-C5BDC89EB9D3}.Release|Any CPU.ActiveCfg = Release|Any CPU
		{A0203701-E430-49B9-93BE-C5BDC89EB9D3}.Release|Any CPU.Build.0 = Release|Any CPU
		{9CB25DE4-921B-4249-8B44-D244D9C83138}.Debug|Any CPU.ActiveCfg = Debug|Any CPU
		{9CB25DE4-921B-4249-8B44-D244D9C83138}.Debug|Any CPU.Build.0 = Debug|Any CPU
		{9CB25DE4-921B-4249-8B44-D244D9C83138}.Release|Any CPU.ActiveCfg = Release|Any CPU
		{9CB25DE4-921B-4249-8B44-D244D9C83138}.Release|Any CPU.Build.0 = Release|Any CPU
	EndGlobalSection
EndGlobal
